
Microsoft Visual Studio Solution File, Format Version 12.00
# Visual Studio Version 16
VisualStudioVersion = 16.0.31624.102
MinimumVisualStudioVersion = 10.0.40219.1
Project("{FAE04EC0-301F-11D3-BF4B-00C04F79EFBC}") = "logov_auto_binary_tree", "logov_auto_binary_tree\logov_auto_binary_tree.csproj", "{5D50B865-7C95-457C-A0EB-4CC0B154B8C1}"
EndProject
Global
	GlobalSection(SolutionConfigurationPlatforms) = preSolution
		Debug|Any CPU = Debug|Any CPU
		Release|Any CPU = Release|Any CPU
	EndGlobalSection
	GlobalSection(ProjectConfigurationPlatforms) = postSolution
		{5D50B865-7C95-457C-A0EB-4CC0B154B8C1}.Debug|Any CPU.ActiveCfg = Debug|Any CPU
		{5D50B865-7C95-457C-A0EB-4CC0B154B8C1}.Debug|Any CPU.Build.0 = Debug|Any CPU
		{5D50B865-7C95-457C-A0EB-4CC0B154B8C1}.Release|Any CPU.ActiveCfg = Release|Any CPU
		{5D50B865-7C95-457C-A0EB-4CC0B154B8C1}.Release|Any CPU.Build.0 = Release|Any CPU
	EndGlobalSection
	GlobalSection(SolutionProperties) = preSolution
		HideSolutionNode = FALSE
	EndGlobalSection
	GlobalSection(ExtensibilityGlobals) = postSolution
		SolutionGuid = {A6813C6B-572A-4582-9971-5861C76C3710}
	EndGlobalSection
EndGlobal
